
Microsoft Visual Studio Solution File, Format Version 12.00
# Visual Studio 15
VisualStudioVersion = 15.0.28307.1738
MinimumVisualStudioVersion = 10.0.40219.1
Project("{FAE04EC0-301F-11D3-BF4B-00C04F79EFBC}") = "OnlineShop", "OnlineShop\OnlineShop.csproj", "{4B975CE2-1F90-4F4C-80E6-86EB685AA76B}"
EndProject
Global
	GlobalSection(SolutionConfigurationPlatforms) = preSolution
		Debug|Any CPU = Debug|Any CPU
		Release|Any CPU = Release|Any CPU
	EndGlobalSection
	GlobalSection(ProjectConfigurationPlatforms) = postSolution
		{4B975CE2-1F90-4F4C-80E6-86EB685AA76B}.Debug|Any CPU.ActiveCfg = Debug|Any CPU
		{4B975CE2-1F90-4F4C-80E6-86EB685AA76B}.Debug|Any CPU.Build.0 = Debug|Any CPU
		{4B975CE2-1F90-4F4C-80E6-86EB685AA76B}.Release|Any CPU.ActiveCfg = Release|Any CPU
		{4B975CE2-1F90-4F4C-80E6-86EB685AA76B}.Release|Any CPU.Build.0 = Release|Any CPU
	EndGlobalSection
	GlobalSection(SolutionProperties) = preSolution
		HideSolutionNode = FALSE
	EndGlobalSection
	GlobalSection(ExtensibilityGlobals) = postSolution
		SolutionGuid = {75550E41-5393-4AE5-92AD-CABEC301DB58}
	EndGlobalSection
EndGlobal
